
Microsoft Visual Studio Solution File, Format Version 12.00
# Visual Studio 15
VisualStudioVersion = 15.0.27130.2036
MinimumVisualStudioVersion = 10.0.40219.1
Project("{FAE04EC0-301F-11D3-BF4B-00C04F79EFBC}") = "YazLab1-Proje", "YazLab1-Proje\YazLab1-Proje.csproj", "{B2C376B4-381C-4866-BB3B-F7C1248C8454}"
EndProject
Global
	GlobalSection(SolutionConfigurationPlatforms) = preSolution
		Debug|Any CPU = Debug|Any CPU
		Release|Any CPU = Release|Any CPU
	EndGlobalSection
	GlobalSection(ProjectConfigurationPlatforms) = postSolution
		{B2C376B4-381C-4866-BB3B-F7C1248C8454}.Debug|Any CPU.ActiveCfg = Debug|Any CPU
		{B2C376B4-381C-4866-BB3B-F7C1248C8454}.Debug|Any CPU.Build.0 = Debug|Any CPU
		{B2C376B4-381C-4866-BB3B-F7C1248C8454}.Release|Any CPU.ActiveCfg = Release|Any CPU
		{B2C376B4-381C-4866-BB3B-F7C1248C8454}.Release|Any CPU.Build.0 = Release|Any CPU
	EndGlobalSection
	GlobalSection(SolutionProperties) = preSolution
		HideSolutionNode = FALSE
	EndGlobalSection
	GlobalSection(ExtensibilityGlobals) = postSolution
		SolutionGuid = {AA828900-78C2-479E-9DD7-5CDC3C76882D}
	EndGlobalSection
EndGlobal
